
Microsoft Visual Studio Solution File, Format Version 12.00
# Visual Studio Version 17
VisualStudioVersion = 17.2.32630.192
MinimumVisualStudioVersion = 10.0.40219.1
Project("{9A19103F-16F7-4668-BE54-9A1E7A4F7556}") = "SolidCinsAppServer", "SolidCinsAppServer\SolidCinsAppServer.csproj", "{2169882E-FB64-478A-8A78-D4C0A66D8B5E}"
EndProject
Project("{2150E333-8FDC-42A3-9474-1A3956D46DE8}") = "Solution Items", "Solution Items", "{8FB9EFC0-9A7E-4EC2-9EA2-4C5D76B74893}"
	ProjectSection(SolutionItems) = preProject
		.editorconfig = .editorconfig
	EndProjectSection
EndProject
Global
	GlobalSection(SolutionConfigurationPlatforms) = preSolution
		Debug|Any CPU = Debug|Any CPU
		Release|Any CPU = Release|Any CPU
	EndGlobalSection
	GlobalSection(ProjectConfigurationPlatforms) = postSolution
		{2169882E-FB64-478A-8A78-D4C0A66D8B5E}.Debug|Any CPU.ActiveCfg = Debug|Any CPU
		{2169882E-FB64-478A-8A78-D4C0A66D8B5E}.Debug|Any CPU.Build.0 = Debug|Any CPU
		{2169882E-FB64-478A-8A78-D4C0A66D8B5E}.Release|Any CPU.ActiveCfg = Release|Any CPU
		{2169882E-FB64-478A-8A78-D4C0A66D8B5E}.Release|Any CPU.Build.0 = Release|Any CPU
	EndGlobalSection
	GlobalSection(SolutionProperties) = preSolution
		HideSolutionNode = FALSE
	EndGlobalSection
	GlobalSection(ExtensibilityGlobals) = postSolution
		SolutionGuid = {DD3FAEFF-D8AD-4E20-9EE1-2E57E6E1DE6C}
	EndGlobalSection
EndGlobal
